
Microsoft Visual Studio Solution File, Format Version 12.00
# Visual Studio 15
VisualStudioVersion = 15.0.27428.2015
MinimumVisualStudioVersion = 10.0.40219.1
Project("{FAE04EC0-301F-11D3-BF4B-00C04F79EFBC}") = "TestMultiProjectApp", "TestMultiProjectApp\TestMultiProjectApp.csproj", "{9AC8F62E-CA92-4852-B289-5EBD65F01BF6}"
EndProject
Project("{FAE04EC0-301F-11D3-BF4B-00C04F79EFBC}") = "Common", "Common\Common.csproj", "{CE071BDB-3947-498C-BA45-67D4DB73D8D2}"
EndProject
Project("{FAE04EC0-301F-11D3-BF4B-00C04F79EFBC}") = "AdditionalDll", "AdditionalDll\AdditionalDll.csproj", "{F5B62E33-650B-41B9-87C7-BA7B609F2EF6}"
EndProject
Global
	GlobalSection(SolutionConfigurationPlatforms) = preSolution
		Debug|Any CPU = Debug|Any CPU
		Release|Any CPU = Release|Any CPU
	EndGlobalSection
	GlobalSection(ProjectConfigurationPlatforms) = postSolution
		{9AC8F62E-CA92-4852-B289-5EBD65F01BF6}.Debug|Any CPU.ActiveCfg = Debug|Any CPU
		{9AC8F62E-CA92-4852-B289-5EBD65F01BF6}.Debug|Any CPU.Build.0 = Debug|Any CPU
		{9AC8F62E-CA92-4852-B289-5EBD65F01BF6}.Release|Any CPU.ActiveCfg = Release|Any CPU
		{9AC8F62E-CA92-4852-B289-5EBD65F01BF6}.Release|Any CPU.Build.0 = Release|Any CPU
		{CE071BDB-3947-498C-BA45-67D4DB73D8D2}.Debug|Any CPU.ActiveCfg = Debug|Any CPU
		{CE071BDB-3947-498C-BA45-67D4DB73D8D2}.Debug|Any CPU.Build.0 = Debug|Any CPU
		{CE071BDB-3947-498C-BA45-67D4DB73D8D2}.Release|Any CPU.ActiveCfg = Release|Any CPU
		{CE071BDB-3947-498C-BA45-67D4DB73D8D2}.Release|Any CPU.Build.0 = Release|Any CPU
		{F5B62E33-650B-41B9-87C7-BA7B609F2EF6}.Debug|Any CPU.ActiveCfg = Debug|Any CPU
		{F5B62E33-650B-41B9-87C7-BA7B609F2EF6}.Debug|Any CPU.Build.0 = Debug|Any CPU
		{F5B62E33-650B-41B9-87C7-BA7B609F2EF6}.Release|Any CPU.ActiveCfg = Release|Any CPU
		{F5B62E33-650B-41B9-87C7-BA7B609F2EF6}.Release|Any CPU.Build.0 = Release|Any CPU
	EndGlobalSection
	GlobalSection(SolutionProperties) = preSolution
		HideSolutionNode = FALSE
	EndGlobalSection
	GlobalSection(ExtensibilityGlobals) = postSolution
		SolutionGuid = {26B15841-51D2-4ED2-BDDF-63DF63935B5E}
	EndGlobalSection
EndGlobal
